{
    "_readme": [
        "This file locks the dependencies of your project to a known state",
        "Read more about it at http://getcomposer.org/doc/01-basic-usage.md#composer-lock-the-lock-file",
        "This file is @generated automatically"
    ],
    "hash": "05a70497345565a5dea57d3c761da14c",
    "packages": [
        {
            "name": "oonix/encryption-utils",
            "version": "v0.2.0",
            "source": {
                "type": "git",
                "url": "https://github.com/aschlosberg/php-encryption-utils.git",
                "reference": "62797c17382293409ba2c311d83a400e23fd77a3"
            },
            "dist": {
                "type": "zip",
                "url": "https://api.github.com/repos/aschlosberg/php-encryption-utils/zipball/62797c17382293409ba2c311d83a400e23fd77a3",
                "reference": "62797c17382293409ba2c311d83a400e23fd77a3",
                "shasum": ""
            },
            "require": {
                "php": ">=5.4.0"
            },
            "type": "library",
            "autoload": {
                "files": [
                    "src/EncUtils.php",
                    "src/EncryptException.php"
                ]
            },
            "notification-url": "https://packagist.org/downloads/",
            "license": [
                "GPL-3.0"
            ],
            "authors": [
                {
                    "name": "Arran Schlosberg",
                    "email": "arran@oonix.com.au"
                }
            ],
            "description": "Convenience wrapper for openssl_[en|de]crypt()",
            "time": "2015-04-25 10:31:16"
        }
    ],
    "packages-dev": [],
    "aliases": [],
    "minimum-stability": "stable",
    "stability-flags": [],
    "prefer-stable": false,
    "prefer-lowest": false,
    "platform": {
        "php": ">=5.4.0"
    },
    "platform-dev": []
}
